// !$*UTF8*$!
{
	archiveVersion = 1;
	classes = {
	};
	objectVersion = 46;
	objects = {

/* Begin PBXBuildFile section */
		E22928E21A85CA57000A9708 /* main.cpp in Sources */ = {isa = PBXBuildFile; fileRef = E22928E11A85CA57000A9708 /* main.cpp */; };
		E22928ED1A85CF6D000A9708 /* libopencv_core.2.4.9.dylib in Frameworks */ = {isa = PBXBuildFile; fileRef = E22928EB1A85CF6D000A9708 /* libopencv_core.2.4.9.dylib */; };
		E22928EE1A85CF6D000A9708 /* libopencv_highgui.2.4.9.dylib in Frameworks */ = {isa = PBXBuildFile; fileRef = E22928EC1A85CF6D000A9708 /* libopencv_highgui.2.4.9.dylib */; };
		E2381FF71A8ADE9A004C668D /* libopencv_nonfree.2.4.9.dylib in Frameworks */ = {isa = PBXBuildFile; fileRef = E2381FF61A8ADE9A004C668D /* libopencv_nonfree.2.4.9.dylib */; };
		E23974071A8ACA21003B996A /* libopencv_imgproc.2.4.9.dylib in Frameworks */ = {isa = PBXBuildFile; fileRef = E23974061A8ACA21003B996A /* libopencv_imgproc.2.4.9.dylib */; };
/* End PBXBuildFile section */

/* Begin PBXCopyFilesBuildPhase section */
		E22928DC1A85CA57000A9708 /* CopyFiles */ = {
			isa = PBXCopyFilesBuildPhase;
			buildActionMask = 2147483647;
			dstPath = /usr/share/man/man1/;
			dstSubfolderSpec = 0;
			files = (
			);
			runOnlyForDeploymentPostprocessing = 1;
		};
/* End PBXCopyFilesBuildPhase section */

/* Begin PBXFileReference section */
		E22928DE1A85CA57000A9708 /* first_one */ = {isa = PBXFileReference; explicitFileType = "compiled.mach-o.executable"; includeInIndex = 0; path = first_one; sourceTree = BUILT_PRODUCTS_DIR; };
		E22928E11A85CA57000A9708 /* main.cpp */ = {isa = PBXFileReference; lastKnownFileType = sourcecode.cpp.cpp; path = main.cpp; sourceTree = "<group>"; tabWidth = 4; };
		E22928EB1A85CF6D000A9708 /* libopencv_core.2.4.9.dylib */ = {isa = PBXFileReference; lastKnownFileType = "compiled.mach-o.dylib"; name = libopencv_core.2.4.9.dylib; path = /usr/local/Cellar/opencv/2.4.9/lib/libopencv_core.2.4.9.dylib; sourceTree = "<absolute>"; };
		E22928EC1A85CF6D000A9708 /* libopencv_highgui.2.4.9.dylib */ = {isa = PBXFileReference; lastKnownFileType = "compiled.mach-o.dylib"; name = libopencv_highgui.2.4.9.dylib; path = /usr/local/Cellar/opencv/2.4.9/lib/libopencv_highgui.2.4.9.dylib; sourceTree = "<absolute>"; };
		E2381FF61A8ADE9A004C668D /* libopencv_nonfree.2.4.9.dylib */ = {isa = PBXFileReference; lastKnownFileType = "compiled.mach-o.dylib"; name = libopencv_nonfree.2.4.9.dylib; path = /usr/local/Cellar/opencv/2.4.9/lib/libopencv_nonfree.2.4.9.dylib; sourceTree = "<absolute>"; };
		E23974061A8ACA21003B996A /* libopencv_imgproc.2.4.9.dylib */ = {isa = PBXFileReference; lastKnownFileType = "compiled.mach-o.dylib"; name = libopencv_imgproc.2.4.9.dylib; path = /usr/local/Cellar/opencv/2.4.9/lib/libopencv_imgproc.2.4.9.dylib; sourceTree = "<absolute>"; };
/* End PBXFileReference section */

/* Begin PBXFrameworksBuildPhase section */
		E22928DB1A85CA57000A9708 /* Frameworks */ = {
			isa = PBXFrameworksBuildPhase;
			buildActionMask = 2147483647;
			files = (
				E23974071A8ACA21003B996A /* libopencv_imgproc.2.4.9.dylib in Frameworks */,
				E22928EE1A85CF6D000A9708 /* libopencv_highgui.2.4.9.dylib in Frameworks */,
				E2381FF71A8ADE9A004C668D /* libopencv_nonfree.2.4.9.dylib in Frameworks */,
				E22928ED1A85CF6D000A9708 /* libopencv_core.2.4.9.dylib in Frameworks */,
			);
			runOnlyForDeploymentPostprocessing = 0;
		};
/* End PBXFrameworksBuildPhase section */

/* Begin PBXGroup section */
		E22928D51A85CA56000A9708 = {
			isa = PBXGroup;
			children = (
				E22928EA1A85CE6A000A9708 /* New Group2 */,
				E22928E91A85CE58000A9708 /* New Group1 */,
				E22928E81A85CE44000A9708 /* OpenCV Frameworks */,
				E22928E01A85CA57000A9708 /* first_one */,
				E22928DF1A85CA57000A9708 /* Products */,
			);
			sourceTree = "<group>";
		};
		E22928DF1A85CA57000A9708 /* Products */ = {
			isa = PBXGroup;
			children = (
				E22928DE1A85CA57000A9708 /* first_one */,
			);
			name = Products;
			sourceTree = "<group>";
		};
		E22928E01A85CA57000A9708 /* first_one */ = {
			isa = PBXGroup;
			children = (
				E22928E11A85CA57000A9708 /* main.cpp */,
			);
			path = first_one;
			sourceTree = "<group>";
		};
		E22928E81A85CE44000A9708 /* OpenCV Frameworks */ = {
			isa = PBXGroup;
			children = (
				E22928EB1A85CF6D000A9708 /* libopencv_core.2.4.9.dylib */,
				E23974061A8ACA21003B996A /* libopencv_imgproc.2.4.9.dylib */,
				E2381FF61A8ADE9A004C668D /* libopencv_nonfree.2.4.9.dylib */,
				E22928EC1A85CF6D000A9708 /* libopencv_highgui.2.4.9.dylib */,
			);
			name = "OpenCV Frameworks";
			sourceTree = "<group>";
		};
		E22928E91A85CE58000A9708 /* New Group1 */ = {
			isa = PBXGroup;
			children = (
			);
			name = "New Group1";
			sourceTree = "<group>";
		};
		E22928EA1A85CE6A000A9708 /* New Group2 */ = {
			isa = PBXGroup;
			children = (
			);
			name = "New Group2";
			sourceTree = "<group>";
		};
/* End PBXGroup section */

/* Begin PBXNativeTarget section */
		E22928DD1A85CA57000A9708 /* first_one */ = {
			isa = PBXNativeTarget;
			buildConfigurationList = E22928E51A85CA57000A9708 /* Build configuration list for PBXNativeTarget "first_one" */;
			buildPhases = (
				E22928DA1A85CA57000A9708 /* Sources */,
				E22928DB1A85CA57000A9708 /* Frameworks */,
				E22928DC1A85CA57000A9708 /* CopyFiles */,
			);
			buildRules = (
			);
			dependencies = (
			);
			name = first_one;
			productName = first_one;
			productReference = E22928DE1A85CA57000A9708 /* first_one */;
			productType = "com.apple.product-type.tool";
		};
/* End PBXNativeTarget section */

/* Begin PBXProject section */
		E22928D61A85CA56000A9708 /* Project object */ = {
			isa = PBXProject;
			attributes = {
				LastUpgradeCheck = 0610;
				ORGANIZATIONNAME = CA;
				TargetAttributes = {
					E22928DD1A85CA57000A9708 = {
						CreatedOnToolsVersion = 6.1;
					};
				};
			};
			buildConfigurationList = E22928D91A85CA56000A9708 /* Build configuration list for PBXProject "first_one" */;
			compatibilityVersion = "Xcode 3.2";
			developmentRegion = English;
			hasScannedForEncodings = 0;
			knownRegions = (
				en,
			);
			mainGroup = E22928D51A85CA56000A9708;
			productRefGroup = E22928DF1A85CA57000A9708 /* Products */;
			projectDirPath = "";
			projectRoot = "";
			targets = (
				E22928DD1A85CA57000A9708 /* first_one */,
			);
		};
/* End PBXProject section */

/* Begin PBXSourcesBuildPhase section */
		E22928DA1A85CA57000A9708 /* Sources */ = {
			isa = PBXSourcesBuildPhase;
			buildActionMask = 2147483647;
			files = (
				E22928E21A85CA57000A9708 /* main.cpp in Sources */,
			);
			runOnlyForDeploymentPostprocessing = 0;
		};
/* End PBXSourcesBuildPhase section */

/* Begin XCBuildConfiguration section */
		E22928E31A85CA57000A9708 /* Debug */ = {
			isa = XCBuildConfiguration;
			buildSettings = {
				ALWAYS_SEARCH_USER_PATHS = NO;
				CLANG_CXX_LANGUAGE_STANDARD = "gnu++0x";
				CLANG_CXX_LIBRARY = "libc++";
				CLANG_ENABLE_MODULES = YES;
				CLANG_ENABLE_OBJC_ARC = YES;
				CLANG_WARN_BOOL_CONVERSION = YES;
				CLANG_WARN_CONSTANT_CONVERSION = YES;
				CLANG_WARN_DIRECT_OBJC_ISA_USAGE = YES_ERROR;
				CLANG_WARN_EMPTY_BODY = YES;
				CLANG_WARN_ENUM_CONVERSION = YES;
				CLANG_WARN_INT_CONVERSION = YES;
				CLANG_WARN_OBJC_ROOT_CLASS = YES_ERROR;
				CLANG_WARN_UNREACHABLE_CODE = YES;
				CLANG_WARN__DUPLICATE_METHOD_MATCH = YES;
				COPY_PHASE_STRIP = NO;
				ENABLE_STRICT_OBJC_MSGSEND = YES;
				GCC_C_LANGUAGE_STANDARD = gnu99;
				GCC_DYNAMIC_NO_PIC = NO;
				GCC_OPTIMIZATION_LEVEL = 0;
				GCC_PREPROCESSOR_DEFINITIONS = (
					"DEBUG=1",
					"$(inherited)",
				);
				GCC_SYMBOLS_PRIVATE_EXTERN = NO;
				GCC_WARN_64_TO_32_BIT_CONVERSION = YES;
				GCC_WARN_ABOUT_RETURN_TYPE = YES_ERROR;
				GCC_WARN_UNDECLARED_SELECTOR = YES;
				GCC_WARN_UNINITIALIZED_AUTOS = YES_AGGRESSIVE;
				GCC_WARN_UNUSED_FUNCTION = YES;
				GCC_WARN_UNUSED_VARIABLE = YES;
				MACOSX_DEPLOYMENT_TARGET = 10.10;
				MTL_ENABLE_DEBUG_INFO = YES;
				ONLY_ACTIVE_ARCH = YES;
				SDKROOT = macosx;
			};
			name = Debug;
		};
		E22928E41A85CA57000A9708 /* Release */ = {
			isa = XCBuildConfiguration;
			buildSettings = {
				ALWAYS_SEARCH_USER_PATHS = NO;
				CLANG_CXX_LANGUAGE_STANDARD = "gnu++0x";
				CLANG_CXX_LIBRARY = "libc++";
				CLANG_ENABLE_MODULES = YES;
				CLANG_ENABLE_OBJC_ARC = YES;
				CLANG_WARN_BOOL_CONVERSION = YES;
				CLANG_WARN_CONSTANT_CONVERSION = YES;
				CLANG_WARN_DIRECT_OBJC_ISA_USAGE = YES_ERROR;
				CLANG_WARN_EMPTY_BODY = YES;
				CLANG_WARN_ENUM_CONVERSION = YES;
				CLANG_WARN_INT_CONVERSION = YES;
				CLANG_WARN_OBJC_ROOT_CLASS = YES_ERROR;
				CLANG_WARN_UNREACHABLE_CODE = YES;
				CLANG_WARN__DUPLICATE_METHOD_MATCH = YES;
				COPY_PHASE_STRIP = YES;
				DEBUG_INFORMATION_FORMAT = "dwarf-with-dsym";
				ENABLE_NS_ASSERTIONS = NO;
				ENABLE_STRICT_OBJC_MSGSEND = YES;
				GCC_C_LANGUAGE_STANDARD = gnu99;
				GCC_WARN_64_TO_32_BIT_CONVERSION = YES;
				GCC_WARN_ABOUT_RETURN_TYPE = YES_ERROR;
				GCC_WARN_UNDECLARED_SELECTOR = YES;
				GCC_WARN_UNINITIALIZED_AUTOS = YES_AGGRESSIVE;
				GCC_WARN_UNUSED_FUNCTION = YES;
				GCC_WARN_UNUSED_VARIABLE = YES;
				MACOSX_DEPLOYMENT_TARGET = 10.10;
				MTL_ENABLE_DEBUG_INFO = NO;
				SDKROOT = macosx;
			};
			name = Release;
		};
		E22928E61A85CA57000A9708 /* Debug */ = {
			isa = XCBuildConfiguration;
			buildSettings = {
				ALWAYS_SEARCH_USER_PATHS = NO;
				FRAMEWORK_SEARCH_PATHS = /usr/local/Cellar/opencv/2.4.9/lib/;
				HEADER_SEARCH_PATHS = (
					"$(inherited)",
					/Applications/Xcode.app/Contents/Developer/Toolchains/XcodeDefault.xctoolchain/usr/include,
					/usr/local/include,
				);
				LIBRARY_SEARCH_PATHS = (
					"$(inherited)",
					/usr/local/Cellar/opencv/2.4.9/lib,
					/usr/local/lib,
				);
				MACH_O_TYPE = mh_execute;
				New_Setting = "";
				OTHER_LDFLAGS = (
					"-lopencv_calib3d",
					"-lopencv_core",
					"-lopencv_features2d",
					"-lopencv_flann",
					"-lopencv_highgui",
					"-lopencv_imgproc",
					"-lopencv_ml",
					"-lopencv_objdetect",
					"-lopencv_photo",
					"-lopencv_stitching",
					"-lopencv_superres",
					"-lopencv_ts",
					"-lopencv_videostab",
				);
				PRODUCT_NAME = "$(TARGET_NAME)";
			};
			name = Debug;
		};
		E22928E71A85CA57000A9708 /* Release */ = {
			isa = XCBuildConfiguration;
			buildSettings = {
				ALWAYS_SEARCH_USER_PATHS = NO;
				FRAMEWORK_SEARCH_PATHS = /usr/local/Cellar/opencv/2.4.9/lib/;
				HEADER_SEARCH_PATHS = (
					"$(inherited)",
					/Applications/Xcode.app/Contents/Developer/Toolchains/XcodeDefault.xctoolchain/usr/include,
					/usr/local/include,
				);
				LIBRARY_SEARCH_PATHS = (
					"$(inherited)",
					/usr/local/Cellar/opencv/2.4.9/lib,
					/usr/local/lib,
				);
				MACH_O_TYPE = mh_execute;
				New_Setting = "";
				OTHER_LDFLAGS = (
					"-lopencv_calib3d",
					"-lopencv_core",
					"-lopencv_features2d",
					"-lopencv_flann",
					"-lopencv_highgui",
					"-lopencv_imgproc",
					"-lopencv_ml",
					"-lopencv_objdetect",
					"-lopencv_photo",
					"-lopencv_stitching",
					"-lopencv_superres",
					"-lopencv_ts",
					"-lopencv_videostab",
				);
				PRODUCT_NAME = "$(TARGET_NAME)";
			};
			name = Release;
		};
/* End XCBuildConfiguration section */

/* Begin XCConfigurationList section */
		E22928D91A85CA56000A9708 /* Build configuration list for PBXProject "first_one" */ = {
			isa = XCConfigurationList;
			buildConfigurations = (
				E22928E31A85CA57000A9708 /* Debug */,
				E22928E41A85CA57000A9708 /* Release */,
			);
			defaultConfigurationIsVisible = 0;
			defaultConfigurationName = Release;
		};
		E22928E51A85CA57000A9708 /* Build configuration list for PBXNativeTarget "first_one" */ = {
			isa = XCConfigurationList;
			buildConfigurations = (
				E22928E61A85CA57000A9708 /* Debug */,
				E22928E71A85CA57000A9708 /* Release */,
			);
			defaultConfigurationIsVisible = 0;
			defaultConfigurationName = Release;
		};
/* End XCConfigurationList section */
	};
	rootObject = E22928D61A85CA56000A9708 /* Project object */;
}
